{
  "version": 4,
  "terraform_version": "1.4.6",
  "serial": 3,
  "lineage": "6078f9a3-703f-061b-4157-162f0f8fa3c8",
  "outputs": {},
  "resources": [
    {
      "module": "module.resource-group",
      "mode": "managed",
      "type": "azurerm_resource_group",
      "name": "rg",
      "provider": "provider[\"registry.terraform.io/hashicorp/azurerm\"]",
      "instances": [
        {
          "schema_version": 0,
          "attributes": {
            "id": "/subscriptions/4756d118-f8ce-43b8-835e-f3d4a0aeff7a/resourceGroups/gen-ai-qa",
            "location": "australiasoutheast",
            "name": "gen-ai-qa",
            "tags": {
              "env": "qa"
            },
            "timeouts": null
          },
          "sensitive_attributes": [],
          "private": "eyJlMmJmYjczMC1lY2FhLTExZTYtOGY4OC0zNDM2M2JjN2M0YzAiOnsiY3JlYXRlIjo1NDAwMDAwMDAwMDAwLCJkZWxldGUiOjU0MDAwMDAwMDAwMDAsInJlYWQiOjMwMDAwMDAwMDAwMCwidXBkYXRlIjo1NDAwMDAwMDAwMDAwfX0="
        }
      ]
    },
    {
      "module": "module.storage_accnt",
      "mode": "managed",
      "type": "azurerm_storage_account",
      "name": "stg_accnt",
      "provider": "provider[\"registry.terraform.io/hashicorp/azurerm\"]",
      "instances": [
        {
          "schema_version": 3,
          "attributes": {
            "access_tier": "Hot",
            "account_kind": "StorageV2",
            "account_replication_type": "GRS",
            "account_tier": "Standard",
            "allow_nested_items_to_be_public": true,
            "azure_files_authentication": [],
            "blob_properties": [
              {
                "change_feed_enabled": false,
                "container_delete_retention_policy": [],
                "cors_rule": [],
                "default_service_version": "",
                "delete_retention_policy": [],
                "last_access_time_enabled": false,
                "versioning_enabled": false
              }
            ],
            "custom_domain": [],
            "customer_managed_key": [],
            "edge_zone": "",
            "enable_https_traffic_only": true,
            "id": "/subscriptions/4756d118-f8ce-43b8-835e-f3d4a0aeff7a/resourceGroups/gen-ai-qa/providers/Microsoft.Storage/storageAccounts/genaiqa",
            "identity": [],
            "infrastructure_encryption_enabled": false,
            "is_hns_enabled": false,
            "large_file_share_enabled": null,
            "location": "australiasoutheast",
            "min_tls_version": "TLS1_2",
            "name": "genaiqa",
            "network_rules": [
              {
                "bypass": [
                  "AzureServices"
                ],
                "default_action": "Allow",
                "ip_rules": [],
                "private_link_access": [],
                "virtual_network_subnet_ids": []
              }
            ],
            "nfsv3_enabled": false,
            "primary_access_key": "1jgixD3MGyDMGPh7V1vO0R7p70uhT6TpeR2CKTgxuy2vP7ugVKFaH1dtaZLcyyujL4ZAe4cIAVsY+AStHhGfyA==",
            "primary_blob_connection_string": "DefaultEndpointsProtocol=https;BlobEndpoint=https://genaiqa.blob.core.windows.net/;AccountName=genaiqa;AccountKey=1jgixD3MGyDMGPh7V1vO0R7p70uhT6TpeR2CKTgxuy2vP7ugVKFaH1dtaZLcyyujL4ZAe4cIAVsY+AStHhGfyA==",
            "primary_blob_endpoint": "https://genaiqa.blob.core.windows.net/",
            "primary_blob_host": "genaiqa.blob.core.windows.net",
            "primary_connection_string": "DefaultEndpointsProtocol=https;AccountName=genaiqa;AccountKey=1jgixD3MGyDMGPh7V1vO0R7p70uhT6TpeR2CKTgxuy2vP7ugVKFaH1dtaZLcyyujL4ZAe4cIAVsY+AStHhGfyA==;EndpointSuffix=core.windows.net",
            "primary_dfs_endpoint": "https://genaiqa.dfs.core.windows.net/",
            "primary_dfs_host": "genaiqa.dfs.core.windows.net",
            "primary_file_endpoint": "https://genaiqa.file.core.windows.net/",
            "primary_file_host": "genaiqa.file.core.windows.net",
            "primary_location": "australiasoutheast",
            "primary_queue_endpoint": "https://genaiqa.queue.core.windows.net/",
            "primary_queue_host": "genaiqa.queue.core.windows.net",
            "primary_table_endpoint": "https://genaiqa.table.core.windows.net/",
            "primary_table_host": "genaiqa.table.core.windows.net",
            "primary_web_endpoint": "https://genaiqa.z26.web.core.windows.net/",
            "primary_web_host": "genaiqa.z26.web.core.windows.net",
            "queue_encryption_key_type": "Service",
            "queue_properties": [
              {
                "cors_rule": [],
                "hour_metrics": [
                  {
                    "enabled": true,
                    "include_apis": true,
                    "retention_policy_days": 7,
                    "version": "1.0"
                  }
                ],
                "logging": [
                  {
                    "delete": false,
                    "read": false,
                    "retention_policy_days": 0,
                    "version": "1.0",
                    "write": false
                  }
                ],
                "minute_metrics": [
                  {
                    "enabled": false,
                    "include_apis": false,
                    "retention_policy_days": 0,
                    "version": "1.0"
                  }
                ]
              }
            ],
            "resource_group_name": "gen-ai-qa",
            "routing": [],
            "secondary_access_key": "TAwQYiUuKdfsxHJ8Ux+O2AFlRWR8VMIY+NRzSlS/dPeZ+QEvNBsxH583NF4MLdohJX1dvwPKkDfj+AStvZJOfw==",
            "secondary_blob_connection_string": "",
            "secondary_blob_endpoint": null,
            "secondary_blob_host": null,
            "secondary_connection_string": "DefaultEndpointsProtocol=https;AccountName=genaiqa;AccountKey=TAwQYiUuKdfsxHJ8Ux+O2AFlRWR8VMIY+NRzSlS/dPeZ+QEvNBsxH583NF4MLdohJX1dvwPKkDfj+AStvZJOfw==;EndpointSuffix=core.windows.net",
            "secondary_dfs_endpoint": null,
            "secondary_dfs_host": null,
            "secondary_file_endpoint": null,
            "secondary_file_host": null,
            "secondary_location": "australiaeast",
            "secondary_queue_endpoint": null,
            "secondary_queue_host": null,
            "secondary_table_endpoint": null,
            "secondary_table_host": null,
            "secondary_web_endpoint": null,
            "secondary_web_host": null,
            "share_properties": [
              {
                "cors_rule": [],
                "retention_policy": [
                  {
                    "days": 7
                  }
                ],
                "smb": []
              }
            ],
            "shared_access_key_enabled": true,
            "static_website": [],
            "table_encryption_key_type": "Service",
            "tags": {
              "env": "qa"
            },
            "timeouts": null
          },
          "sensitive_attributes": [],
          "private": "eyJlMmJmYjczMC1lY2FhLTExZTYtOGY4OC0zNDM2M2JjN2M0YzAiOnsiY3JlYXRlIjozNjAwMDAwMDAwMDAwLCJkZWxldGUiOjM2MDAwMDAwMDAwMDAsInJlYWQiOjMwMDAwMDAwMDAwMCwidXBkYXRlIjozNjAwMDAwMDAwMDAwfSwic2NoZW1hX3ZlcnNpb24iOiIzIn0=",
          "dependencies": [
            "module.resource-group.azurerm_resource_group.rg"
          ]
        }
      ]
    }
  ],
  "check_results": null
}
